
Microsoft Visual Studio Solution File, Format Version 12.00
# Visual Studio Version 16
VisualStudioVersion = 16.0.32126.315
MinimumVisualStudioVersion = 10.0.40219.1
Project("{FAE04EC0-301F-11D3-BF4B-00C04F79EFBC}") = "Recoil", "Recoil.csproj", "{013E3B8C-D2A6-41F4-83F5-FCB7E5D63567}"
EndProject
Global
	GlobalSection(SolutionConfigurationPlatforms) = preSolution
		Debug|Any CPU = Debug|Any CPU
		Release|Any CPU = Release|Any CPU
	EndGlobalSection
	GlobalSection(ProjectConfigurationPlatforms) = postSolution
		{013E3B8C-D2A6-41F4-83F5-FCB7E5D63567}.Debug|Any CPU.ActiveCfg = Debug|Any CPU
		{013E3B8C-D2A6-41F4-83F5-FCB7E5D63567}.Debug|Any CPU.Build.0 = Debug|Any CPU
		{013E3B8C-D2A6-41F4-83F5-FCB7E5D63567}.Release|Any CPU.ActiveCfg = Release|Any CPU
		{013E3B8C-D2A6-41F4-83F5-FCB7E5D63567}.Release|Any CPU.Build.0 = Release|Any CPU
	EndGlobalSection
	GlobalSection(SolutionProperties) = preSolution
		HideSolutionNode = FALSE
	EndGlobalSection
	GlobalSection(ExtensibilityGlobals) = postSolution
		SolutionGuid = {ADCA82EC-9165-449A-B268-96BE3637757C}
	EndGlobalSection
EndGlobal
